// !$*UTF8*$!
{
	archiveVersion = 1;
	classes = {
	};
	objectVersion = 50;
	objects = {

/* Begin PBXBuildFile section */
		0D4F6DBB217A5B9D00B74BDC /* AppDelegate.swift in Sources */ = {isa = PBXBuildFile; fileRef = 0D4F6DBA217A5B9D00B74BDC /* AppDelegate.swift */; };
		0D4F6DBD217A5B9D00B74BDC /* ViewController.swift in Sources */ = {isa = PBXBuildFile; fileRef = 0D4F6DBC217A5B9D00B74BDC /* ViewController.swift */; };
		0D4F6DC0217A5B9D00B74BDC /* Main.storyboard in Resources */ = {isa = PBXBuildFile; fileRef = 0D4F6DBE217A5B9D00B74BDC /* Main.storyboard */; };
		0D4F6DC2217A5B9F00B74BDC /* Assets.xcassets in Resources */ = {isa = PBXBuildFile; fileRef = 0D4F6DC1217A5B9F00B74BDC /* Assets.xcassets */; };
		0D4F6DC5217A5B9F00B74BDC /* LaunchScreen.storyboard in Resources */ = {isa = PBXBuildFile; fileRef = 0D4F6DC3217A5B9F00B74BDC /* LaunchScreen.storyboard */; };
		0D4F6DD0217A5B9F00B74BDC /* RiddlesInTheDarkTests.swift in Sources */ = {isa = PBXBuildFile; fileRef = 0D4F6DCF217A5B9F00B74BDC /* RiddlesInTheDarkTests.swift */; };
		0D4F6DDB217A5B9F00B74BDC /* RiddlesInTheDarkUITests.swift in Sources */ = {isa = PBXBuildFile; fileRef = 0D4F6DDA217A5B9F00B74BDC /* RiddlesInTheDarkUITests.swift */; };
		0D4F6DEB217A614E00B74BDC /* AnswerViewController.swift in Sources */ = {isa = PBXBuildFile; fileRef = 0D4F6DEA217A614E00B74BDC /* AnswerViewController.swift */; };
/* End PBXBuildFile section */

/* Begin PBXContainerItemProxy section */
		0D4F6DCC217A5B9F00B74BDC /* PBXContainerItemProxy */ = {
			isa = PBXContainerItemProxy;
			containerPortal = 0D4F6DAF217A5B9D00B74BDC /* Project object */;
			proxyType = 1;
			remoteGlobalIDString = 0D4F6DB6217A5B9D00B74BDC;
			remoteInfo = RiddlesInTheDark;
		};
		0D4F6DD7217A5B9F00B74BDC /* PBXContainerItemProxy */ = {
			isa = PBXContainerItemProxy;
			containerPortal = 0D4F6DAF217A5B9D00B74BDC /* Project object */;
			proxyType = 1;
			remoteGlobalIDString = 0D4F6DB6217A5B9D00B74BDC;
			remoteInfo = RiddlesInTheDark;
		};
/* End PBXContainerItemProxy section */

/* Begin PBXFileReference section */
		0D4F6DB7217A5B9D00B74BDC /* RiddlesInTheDark.app */ = {isa = PBXFileReference; explicitFileType = wrapper.application; includeInIndex = 0; path = RiddlesInTheDark.app; sourceTree = BUILT_PRODUCTS_DIR; };
		0D4F6DBA217A5B9D00B74BDC /* AppDelegate.swift */ = {isa = PBXFileReference; lastKnownFileType = sourcecode.swift; path = AppDelegate.swift; sourceTree = "<group>"; };
		0D4F6DBC217A5B9D00B74BDC /* ViewController.swift */ = {isa = PBXFileReference; lastKnownFileType = sourcecode.swift; path = ViewController.swift; sourceTree = "<group>"; };
		0D4F6DBF217A5B9D00B74BDC /* Base */ = {isa = PBXFileReference; lastKnownFileType = file.storyboard; name = Base; path = Base.lproj/Main.storyboard; sourceTree = "<group>"; };
		0D4F6DC1217A5B9F00B74BDC /* Assets.xcassets */ = {isa = PBXFileReference; lastKnownFileType = folder.assetcatalog; path = Assets.xcassets; sourceTree = "<group>"; };
		0D4F6DC4217A5B9F00B74BDC /* Base */ = {isa = PBXFileReference; lastKnownFileType = file.storyboard; name = Base; path = Base.lproj/LaunchScreen.storyboard; sourceTree = "<group>"; };
		0D4F6DC6217A5B9F00B74BDC /* Info.plist */ = {isa = PBXFileReference; lastKnownFileType = text.plist.xml; path = Info.plist; sourceTree = "<group>"; };
		0D4F6DCB217A5B9F00B74BDC /* RiddlesInTheDarkTests.xctest */ = {isa = PBXFileReference; explicitFileType = wrapper.cfbundle; includeInIndex = 0; path = RiddlesInTheDarkTests.xctest; sourceTree = BUILT_PRODUCTS_DIR; };
		0D4F6DCF217A5B9F00B74BDC /* RiddlesInTheDarkTests.swift */ = {isa = PBXFileReference; lastKnownFileType = sourcecode.swift; path = RiddlesInTheDarkTests.swift; sourceTree = "<group>"; };
		0D4F6DD1217A5B9F00B74BDC /* Info.plist */ = {isa = PBXFileReference; lastKnownFileType = text.plist.xml; path = Info.plist; sourceTree = "<group>"; };
		0D4F6DD6217A5B9F00B74BDC /* RiddlesInTheDarkUITests.xctest */ = {isa = PBXFileReference; explicitFileType = wrapper.cfbundle; includeInIndex = 0; path = RiddlesInTheDarkUITests.xctest; sourceTree = BUILT_PRODUCTS_DIR; };
		0D4F6DDA217A5B9F00B74BDC /* RiddlesInTheDarkUITests.swift */ = {isa = PBXFileReference; lastKnownFileType = sourcecode.swift; path = RiddlesInTheDarkUITests.swift; sourceTree = "<group>"; };
		0D4F6DDC217A5B9F00B74BDC /* Info.plist */ = {isa = PBXFileReference; lastKnownFileType = text.plist.xml; path = Info.plist; sourceTree = "<group>"; };
		0D4F6DEA217A614E00B74BDC /* AnswerViewController.swift */ = {isa = PBXFileReference; lastKnownFileType = sourcecode.swift; path = AnswerViewController.swift; sourceTree = "<group>"; };
/* End PBXFileReference section */

/* Begin PBXFrameworksBuildPhase section */
		0D4F6DB4217A5B9D00B74BDC /* Frameworks */ = {
			isa = PBXFrameworksBuildPhase;
			buildActionMask = 2147483647;
			files = (
			);
			runOnlyForDeploymentPostprocessing = 0;
		};
		0D4F6DC8217A5B9F00B74BDC /* Frameworks */ = {
			isa = PBXFrameworksBuildPhase;
			buildActionMask = 2147483647;
			files = (
			);
			runOnlyForDeploymentPostprocessing = 0;
		};
		0D4F6DD3217A5B9F00B74BDC /* Frameworks */ = {
			isa = PBXFrameworksBuildPhase;
			buildActionMask = 2147483647;
			files = (
			);
			runOnlyForDeploymentPostprocessing = 0;
		};
/* End PBXFrameworksBuildPhase section */

/* Begin PBXGroup section */
		0D4F6DAE217A5B9D00B74BDC = {
			isa = PBXGroup;
			children = (
				0D4F6DB9217A5B9D00B74BDC /* RiddlesInTheDark */,
				0D4F6DCE217A5B9F00B74BDC /* RiddlesInTheDarkTests */,
				0D4F6DD9217A5B9F00B74BDC /* RiddlesInTheDarkUITests */,
				0D4F6DB8217A5B9D00B74BDC /* Products */,
			);
			sourceTree = "<group>";
		};
		0D4F6DB8217A5B9D00B74BDC /* Products */ = {
			isa = PBXGroup;
			children = (
				0D4F6DB7217A5B9D00B74BDC /* RiddlesInTheDark.app */,
				0D4F6DCB217A5B9F00B74BDC /* RiddlesInTheDarkTests.xctest */,
				0D4F6DD6217A5B9F00B74BDC /* RiddlesInTheDarkUITests.xctest */,
			);
			name = Products;
			sourceTree = "<group>";
		};
		0D4F6DB9217A5B9D00B74BDC /* RiddlesInTheDark */ = {
			isa = PBXGroup;
			children = (
				0D4F6DBA217A5B9D00B74BDC /* AppDelegate.swift */,
				0D4F6DBC217A5B9D00B74BDC /* ViewController.swift */,
				0D4F6DBE217A5B9D00B74BDC /* Main.storyboard */,
				0D4F6DC1217A5B9F00B74BDC /* Assets.xcassets */,
				0D4F6DC3217A5B9F00B74BDC /* LaunchScreen.storyboard */,
				0D4F6DC6217A5B9F00B74BDC /* Info.plist */,
				0D4F6DEA217A614E00B74BDC /* AnswerViewController.swift */,
			);
			path = RiddlesInTheDark;
			sourceTree = "<group>";
		};
		0D4F6DCE217A5B9F00B74BDC /* RiddlesInTheDarkTests */ = {
			isa = PBXGroup;
			children = (
				0D4F6DCF217A5B9F00B74BDC /* RiddlesInTheDarkTests.swift */,
				0D4F6DD1217A5B9F00B74BDC /* Info.plist */,
			);
			path = RiddlesInTheDarkTests;
			sourceTree = "<group>";
		};
		0D4F6DD9217A5B9F00B74BDC /* RiddlesInTheDarkUITests */ = {
			isa = PBXGroup;
			children = (
				0D4F6DDA217A5B9F00B74BDC /* RiddlesInTheDarkUITests.swift */,
				0D4F6DDC217A5B9F00B74BDC /* Info.plist */,
			);
			path = RiddlesInTheDarkUITests;
			sourceTree = "<group>";
		};
/* End PBXGroup section */

/* Begin PBXNativeTarget section */
		0D4F6DB6217A5B9D00B74BDC /* RiddlesInTheDark */ = {
			isa = PBXNativeTarget;
			buildConfigurationList = 0D4F6DDF217A5B9F00B74BDC /* Build configuration list for PBXNativeTarget "RiddlesInTheDark" */;
			buildPhases = (
				0D4F6DB3217A5B9D00B74BDC /* Sources */,
				0D4F6DB4217A5B9D00B74BDC /* Frameworks */,
				0D4F6DB5217A5B9D00B74BDC /* Resources */,
			);
			buildRules = (
			);
			dependencies = (
			);
			name = RiddlesInTheDark;
			productName = RiddlesInTheDark;
			productReference = 0D4F6DB7217A5B9D00B74BDC /* RiddlesInTheDark.app */;
			productType = "com.apple.product-type.application";
		};
		0D4F6DCA217A5B9F00B74BDC /* RiddlesInTheDarkTests */ = {
			isa = PBXNativeTarget;
			buildConfigurationList = 0D4F6DE2217A5B9F00B74BDC /* Build configuration list for PBXNativeTarget "RiddlesInTheDarkTests" */;
			buildPhases = (
				0D4F6DC7217A5B9F00B74BDC /* Sources */,
				0D4F6DC8217A5B9F00B74BDC /* Frameworks */,
				0D4F6DC9217A5B9F00B74BDC /* Resources */,
			);
			buildRules = (
			);
			dependencies = (
				0D4F6DCD217A5B9F00B74BDC /* PBXTargetDependency */,
			);
			name = RiddlesInTheDarkTests;
			productName = RiddlesInTheDarkTests;
			productReference = 0D4F6DCB217A5B9F00B74BDC /* RiddlesInTheDarkTests.xctest */;
			productType = "com.apple.product-type.bundle.unit-test";
		};
		0D4F6DD5217A5B9F00B74BDC /* RiddlesInTheDarkUITests */ = {
			isa = PBXNativeTarget;
			buildConfigurationList = 0D4F6DE5217A5B9F00B74BDC /* Build configuration list for PBXNativeTarget "RiddlesInTheDarkUITests" */;
			buildPhases = (
				0D4F6DD2217A5B9F00B74BDC /* Sources */,
				0D4F6DD3217A5B9F00B74BDC /* Frameworks */,
				0D4F6DD4217A5B9F00B74BDC /* Resources */,
			);
			buildRules = (
			);
			dependencies = (
				0D4F6DD8217A5B9F00B74BDC /* PBXTargetDependency */,
			);
			name = RiddlesInTheDarkUITests;
			productName = RiddlesInTheDarkUITests;
			productReference = 0D4F6DD6217A5B9F00B74BDC /* RiddlesInTheDarkUITests.xctest */;
			productType = "com.apple.product-type.bundle.ui-testing";
		};
/* End PBXNativeTarget section */

/* Begin PBXProject section */
		0D4F6DAF217A5B9D00B74BDC /* Project object */ = {
			isa = PBXProject;
			attributes = {
				LastSwiftUpdateCheck = 1000;
				LastUpgradeCheck = 1000;
				ORGANIZATIONNAME = "Jaeson Booker";
				TargetAttributes = {
					0D4F6DB6217A5B9D00B74BDC = {
						CreatedOnToolsVersion = 10.0;
					};
					0D4F6DCA217A5B9F00B74BDC = {
						CreatedOnToolsVersion = 10.0;
						TestTargetID = 0D4F6DB6217A5B9D00B74BDC;
					};
					0D4F6DD5217A5B9F00B74BDC = {
						CreatedOnToolsVersion = 10.0;
						TestTargetID = 0D4F6DB6217A5B9D00B74BDC;
					};
				};
			};
			buildConfigurationList = 0D4F6DB2217A5B9D00B74BDC /* Build configuration list for PBXProject "RiddlesInTheDark" */;
			compatibilityVersion = "Xcode 9.3";
			developmentRegion = en;
			hasScannedForEncodings = 0;
			knownRegions = (
				en,
				Base,
			);
			mainGroup = 0D4F6DAE217A5B9D00B74BDC;
			productRefGroup = 0D4F6DB8217A5B9D00B74BDC /* Products */;
			projectDirPath = "";
			projectRoot = "";
			targets = (
				0D4F6DB6217A5B9D00B74BDC /* RiddlesInTheDark */,
				0D4F6DCA217A5B9F00B74BDC /* RiddlesInTheDarkTests */,
				0D4F6DD5217A5B9F00B74BDC /* RiddlesInTheDarkUITests */,
			);
		};
/* End PBXProject section */

/* Begin PBXResourcesBuildPhase section */
		0D4F6DB5217A5B9D00B74BDC /* Resources */ = {
			isa = PBXResourcesBuildPhase;
			buildActionMask = 2147483647;
			files = (
				0D4F6DC5217A5B9F00B74BDC /* LaunchScreen.storyboard in Resources */,
				0D4F6DC2217A5B9F00B74BDC /* Assets.xcassets in Resources */,
				0D4F6DC0217A5B9D00B74BDC /* Main.storyboard in Resources */,
			);
			runOnlyForDeploymentPostprocessing = 0;
		};
		0D4F6DC9217A5B9F00B74BDC /* Resources */ = {
			isa = PBXResourcesBuildPhase;
			buildActionMask = 2147483647;
			files = (
			);
			runOnlyForDeploymentPostprocessing = 0;
		};
		0D4F6DD4217A5B9F00B74BDC /* Resources */ = {
			isa = PBXResourcesBuildPhase;
			buildActionMask = 2147483647;
			files = (
			);
			runOnlyForDeploymentPostprocessing = 0;
		};
/* End PBXResourcesBuildPhase section */

/* Begin PBXSourcesBuildPhase section */
		0D4F6DB3217A5B9D00B74BDC /* Sources */ = {
			isa = PBXSourcesBuildPhase;
			buildActionMask = 2147483647;
			files = (
				0D4F6DEB217A614E00B74BDC /* AnswerViewController.swift in Sources */,
				0D4F6DBD217A5B9D00B74BDC /* ViewController.swift in Sources */,
				0D4F6DBB217A5B9D00B74BDC /* AppDelegate.swift in Sources */,
			);
			runOnlyForDeploymentPostprocessing = 0;
		};
		0D4F6DC7217A5B9F00B74BDC /* Sources */ = {
			isa = PBXSourcesBuildPhase;
			buildActionMask = 2147483647;
			files = (
				0D4F6DD0217A5B9F00B74BDC /* RiddlesInTheDarkTests.swift in Sources */,
			);
			runOnlyForDeploymentPostprocessing = 0;
		};
		0D4F6DD2217A5B9F00B74BDC /* Sources */ = {
			isa = PBXSourcesBuildPhase;
			buildActionMask = 2147483647;
			files = (
				0D4F6DDB217A5B9F00B74BDC /* RiddlesInTheDarkUITests.swift in Sources */,
			);
			runOnlyForDeploymentPostprocessing = 0;
		};
/* End PBXSourcesBuildPhase section */

/* Begin PBXTargetDependency section */
		0D4F6DCD217A5B9F00B74BDC /* PBXTargetDependency */ = {
			isa = PBXTargetDependency;
			target = 0D4F6DB6217A5B9D00B74BDC /* RiddlesInTheDark */;
			targetProxy = 0D4F6DCC217A5B9F00B74BDC /* PBXContainerItemProxy */;
		};
		0D4F6DD8217A5B9F00B74BDC /* PBXTargetDependency */ = {
			isa = PBXTargetDependency;
			target = 0D4F6DB6217A5B9D00B74BDC /* RiddlesInTheDark */;
			targetProxy = 0D4F6DD7217A5B9F00B74BDC /* PBXContainerItemProxy */;
		};
/* End PBXTargetDependency section */

/* Begin PBXVariantGroup section */
		0D4F6DBE217A5B9D00B74BDC /* Main.storyboard */ = {
			isa = PBXVariantGroup;
			children = (
				0D4F6DBF217A5B9D00B74BDC /* Base */,
			);
			name = Main.storyboard;
			sourceTree = "<group>";
		};
		0D4F6DC3217A5B9F00B74BDC /* LaunchScreen.storyboard */ = {
			isa = PBXVariantGroup;
			children = (
				0D4F6DC4217A5B9F00B74BDC /* Base */,
			);
			name = LaunchScreen.storyboard;
			sourceTree = "<group>";
		};
/* End PBXVariantGroup section */

/* Begin XCBuildConfiguration section */
		0D4F6DDD217A5B9F00B74BDC /* Debug */ = {
			isa = XCBuildConfiguration;
			buildSettings = {
				ALWAYS_SEARCH_USER_PATHS = NO;
				CLANG_ANALYZER_NONNULL = YES;
				CLANG_ANALYZER_NUMBER_OBJECT_CONVERSION = YES_AGGRESSIVE;
				CLANG_CXX_LANGUAGE_STANDARD = "gnu++14";
				CLANG_CXX_LIBRARY = "libc++";
				CLANG_ENABLE_MODULES = YES;
				CLANG_ENABLE_OBJC_ARC = YES;
				CLANG_ENABLE_OBJC_WEAK = YES;
				CLANG_WARN_BLOCK_CAPTURE_AUTORELEASING = YES;
				CLANG_WARN_BOOL_CONVERSION = YES;
				CLANG_WARN_COMMA = YES;
				CLANG_WARN_CONSTANT_CONVERSION = YES;
				CLANG_WARN_DEPRECATED_OBJC_IMPLEMENTATIONS = YES;
				CLANG_WARN_DIRECT_OBJC_ISA_USAGE = YES_ERROR;
				CLANG_WARN_DOCUMENTATION_COMMENTS = YES;
				CLANG_WARN_EMPTY_BODY = YES;
				CLANG_WARN_ENUM_CONVERSION = YES;
				CLANG_WARN_INFINITE_RECURSION = YES;
				CLANG_WARN_INT_CONVERSION = YES;
				CLANG_WARN_NON_LITERAL_NULL_CONVERSION = YES;
				CLANG_WARN_OBJC_IMPLICIT_RETAIN_SELF = YES;
				CLANG_WARN_OBJC_LITERAL_CONVERSION = YES;
				CLANG_WARN_OBJC_ROOT_CLASS = YES_ERROR;
				CLANG_WARN_RANGE_LOOP_ANALYSIS = YES;
				CLANG_WARN_STRICT_PROTOTYPES = YES;
				CLANG_WARN_SUSPICIOUS_MOVE = YES;
				CLANG_WARN_UNGUARDED_AVAILABILITY = YES_AGGRESSIVE;
				CLANG_WARN_UNREACHABLE_CODE = YES;
				CLANG_WARN__DUPLICATE_METHOD_MATCH = YES;
				CODE_SIGN_IDENTITY = "iPhone Developer";
				COPY_PHASE_STRIP = NO;
				DEBUG_INFORMATION_FORMAT = dwarf;
				ENABLE_STRICT_OBJC_MSGSEND = YES;
				ENABLE_TESTABILITY = YES;
				GCC_C_LANGUAGE_STANDARD = gnu11;
				GCC_DYNAMIC_NO_PIC = NO;
				GCC_NO_COMMON_BLOCKS = YES;
				GCC_OPTIMIZATION_LEVEL = 0;
				GCC_PREPROCESSOR_DEFINITIONS = (
					"DEBUG=1",
					"$(inherited)",
				);
				GCC_WARN_64_TO_32_BIT_CONVERSION = YES;
				GCC_WARN_ABOUT_RETURN_TYPE = YES_ERROR;
				GCC_WARN_UNDECLARED_SELECTOR = YES;
				GCC_WARN_UNINITIALIZED_AUTOS = YES_AGGRESSIVE;
				GCC_WARN_UNUSED_FUNCTION = YES;
				GCC_WARN_UNUSED_VARIABLE = YES;
				IPHONEOS_DEPLOYMENT_TARGET = 12.0;
				MTL_ENABLE_DEBUG_INFO = INCLUDE_SOURCE;
				MTL_FAST_MATH = YES;
				ONLY_ACTIVE_ARCH = YES;
				SDKROOT = iphoneos;
				SWIFT_ACTIVE_COMPILATION_CONDITIONS = DEBUG;
				SWIFT_OPTIMIZATION_LEVEL = "-Onone";
			};
			name = Debug;
		};
		0D4F6DDE217A5B9F00B74BDC /* Release */ = {
			isa = XCBuildConfiguration;
			buildSettings = {
				ALWAYS_SEARCH_USER_PATHS = NO;
				CLANG_ANALYZER_NONNULL = YES;
				CLANG_ANALYZER_NUMBER_OBJECT_CONVERSION = YES_AGGRESSIVE;
				CLANG_CXX_LANGUAGE_STANDARD = "gnu++14";
				CLANG_CXX_LIBRARY = "libc++";
				CLANG_ENABLE_MODULES = YES;
				CLANG_ENABLE_OBJC_ARC = YES;
				CLANG_ENABLE_OBJC_WEAK = YES;
				CLANG_WARN_BLOCK_CAPTURE_AUTORELEASING = YES;
				CLANG_WARN_BOOL_CONVERSION = YES;
				CLANG_WARN_COMMA = YES;
				CLANG_WARN_CONSTANT_CONVERSION = YES;
				CLANG_WARN_DEPRECATED_OBJC_IMPLEMENTATIONS = YES;
				CLANG_WARN_DIRECT_OBJC_ISA_USAGE = YES_ERROR;
				CLANG_WARN_DOCUMENTATION_COMMENTS = YES;
				CLANG_WARN_EMPTY_BODY = YES;
				CLANG_WARN_ENUM_CONVERSION = YES;
				CLANG_WARN_INFINITE_RECURSION = YES;
				CLANG_WARN_INT_CONVERSION = YES;
				CLANG_WARN_NON_LITERAL_NULL_CONVERSION = YES;
				CLANG_WARN_OBJC_IMPLICIT_RETAIN_SELF = YES;
				CLANG_WARN_OBJC_LITERAL_CONVERSION = YES;
				CLANG_WARN_OBJC_ROOT_CLASS = YES_ERROR;
				CLANG_WARN_RANGE_LOOP_ANALYSIS = YES;
				CLANG_WARN_STRICT_PROTOTYPES = YES;
				CLANG_WARN_SUSPICIOUS_MOVE = YES;
				CLANG_WARN_UNGUARDED_AVAILABILITY = YES_AGGRESSIVE;
				CLANG_WARN_UNREACHABLE_CODE = YES;
				CLANG_WARN__DUPLICATE_METHOD_MATCH = YES;
				CODE_SIGN_IDENTITY = "iPhone Developer";
				COPY_PHASE_STRIP = NO;
				DEBUG_INFORMATION_FORMAT = "dwarf-with-dsym";
				ENABLE_NS_ASSERTIONS = NO;
				ENABLE_STRICT_OBJC_MSGSEND = YES;
				GCC_C_LANGUAGE_STANDARD = gnu11;
				GCC_NO_COMMON_BLOCKS = YES;
				GCC_WARN_64_TO_32_BIT_CONVERSION = YES;
				GCC_WARN_ABOUT_RETURN_TYPE = YES_ERROR;
				GCC_WARN_UNDECLARED_SELECTOR = YES;
				GCC_WARN_UNINITIALIZED_AUTOS = YES_AGGRESSIVE;
				GCC_WARN_UNUSED_FUNCTION = YES;
				GCC_WARN_UNUSED_VARIABLE = YES;
				IPHONEOS_DEPLOYMENT_TARGET = 12.0;
				MTL_ENABLE_DEBUG_INFO = NO;
				MTL_FAST_MATH = YES;
				SDKROOT = iphoneos;
				SWIFT_COMPILATION_MODE = wholemodule;
				SWIFT_OPTIMIZATION_LEVEL = "-O";
				VALIDATE_PRODUCT = YES;
			};
			name = Release;
		};
		0D4F6DE0217A5B9F00B74BDC /* Debug */ = {
			isa = XCBuildConfiguration;
			buildSettings = {
				ASSETCATALOG_COMPILER_APPICON_NAME = AppIcon;
				CODE_SIGN_STYLE = Automatic;
				DEVELOPMENT_TEAM = FC9W35QTCN;
				INFOPLIST_FILE = RiddlesInTheDark/Info.plist;
				LD_RUNPATH_SEARCH_PATHS = (
					"$(inherited)",
					"@executable_path/Frameworks",
				);
				PRODUCT_BUNDLE_IDENTIFIER = com.musiacc.RiddlesInTheDark;
				PRODUCT_NAME = "$(TARGET_NAME)";
				SWIFT_VERSION = 4.2;
				TARGETED_DEVICE_FAMILY = "1,2";
			};
			name = Debug;
		};
		0D4F6DE1217A5B9F00B74BDC /* Release */ = {
			isa = XCBuildConfiguration;
			buildSettings = {
				ASSETCATALOG_COMPILER_APPICON_NAME = AppIcon;
				CODE_SIGN_STYLE = Automatic;
				DEVELOPMENT_TEAM = FC9W35QTCN;
				INFOPLIST_FILE = RiddlesInTheDark/Info.plist;
				LD_RUNPATH_SEARCH_PATHS = (
					"$(inherited)",
					"@executable_path/Frameworks",
				);
				PRODUCT_BUNDLE_IDENTIFIER = com.musiacc.RiddlesInTheDark;
				PRODUCT_NAME = "$(TARGET_NAME)";
				SWIFT_VERSION = 4.2;
				TARGETED_DEVICE_FAMILY = "1,2";
			};
			name = Release;
		};
		0D4F6DE3217A5B9F00B74BDC /* Debug */ = {
			isa = XCBuildConfiguration;
			buildSettings = {
				ALWAYS_EMBED_SWIFT_STANDARD_LIBRARIES = YES;
				BUNDLE_LOADER = "$(TEST_HOST)";
				CODE_SIGN_STYLE = Automatic;
				DEVELOPMENT_TEAM = FC9W35QTCN;
				INFOPLIST_FILE = RiddlesInTheDarkTests/Info.plist;
				LD_RUNPATH_SEARCH_PATHS = (
					"$(inherited)",
					"@executable_path/Frameworks",
					"@loader_path/Frameworks",
				);
				PRODUCT_BUNDLE_IDENTIFIER = com.musiacc.RiddlesInTheDarkTests;
				PRODUCT_NAME = "$(TARGET_NAME)";
				SWIFT_VERSION = 4.2;
				TARGETED_DEVICE_FAMILY = "1,2";
				TEST_HOST = "$(BUILT_PRODUCTS_DIR)/RiddlesInTheDark.app/RiddlesInTheDark";
			};
			name = Debug;
		};
		0D4F6DE4217A5B9F00B74BDC /* Release */ = {
			isa = XCBuildConfiguration;
			buildSettings = {
				ALWAYS_EMBED_SWIFT_STANDARD_LIBRARIES = YES;
				BUNDLE_LOADER = "$(TEST_HOST)";
				CODE_SIGN_STYLE = Automatic;
				DEVELOPMENT_TEAM = FC9W35QTCN;
				INFOPLIST_FILE = RiddlesInTheDarkTests/Info.plist;
				LD_RUNPATH_SEARCH_PATHS = (
					"$(inherited)",
					"@executable_path/Frameworks",
					"@loader_path/Frameworks",
				);
				PRODUCT_BUNDLE_IDENTIFIER = com.musiacc.RiddlesInTheDarkTests;
				PRODUCT_NAME = "$(TARGET_NAME)";
				SWIFT_VERSION = 4.2;
				TARGETED_DEVICE_FAMILY = "1,2";
				TEST_HOST = "$(BUILT_PRODUCTS_DIR)/RiddlesInTheDark.app/RiddlesInTheDark";
			};
			name = Release;
		};
		0D4F6DE6217A5B9F00B74BDC /* Debug */ = {
			isa = XCBuildConfiguration;
			buildSettings = {
				ALWAYS_EMBED_SWIFT_STANDARD_LIBRARIES = YES;
				CODE_SIGN_STYLE = Automatic;
				DEVELOPMENT_TEAM = FC9W35QTCN;
				INFOPLIST_FILE = RiddlesInTheDarkUITests/Info.plist;
				LD_RUNPATH_SEARCH_PATHS = (
					"$(inherited)",
					"@executable_path/Frameworks",
					"@loader_path/Frameworks",
				);
				PRODUCT_BUNDLE_IDENTIFIER = com.musiacc.RiddlesInTheDarkUITests;
				PRODUCT_NAME = "$(TARGET_NAME)";
				SWIFT_VERSION = 4.2;
				TARGETED_DEVICE_FAMILY = "1,2";
				TEST_TARGET_NAME = RiddlesInTheDark;
			};
			name = Debug;
		};
		0D4F6DE7217A5B9F00B74BDC /* Release */ = {
			isa = XCBuildConfiguration;
			buildSettings = {
				ALWAYS_EMBED_SWIFT_STANDARD_LIBRARIES = YES;
				CODE_SIGN_STYLE = Automatic;
				DEVELOPMENT_TEAM = FC9W35QTCN;
				INFOPLIST_FILE = RiddlesInTheDarkUITests/Info.plist;
				LD_RUNPATH_SEARCH_PATHS = (
					"$(inherited)",
					"@executable_path/Frameworks",
					"@loader_path/Frameworks",
				);
				PRODUCT_BUNDLE_IDENTIFIER = com.musiacc.RiddlesInTheDarkUITests;
				PRODUCT_NAME = "$(TARGET_NAME)";
				SWIFT_VERSION = 4.2;
				TARGETED_DEVICE_FAMILY = "1,2";
				TEST_TARGET_NAME = RiddlesInTheDark;
			};
			name = Release;
		};
/* End XCBuildConfiguration section */

/* Begin XCConfigurationList section */
		0D4F6DB2217A5B9D00B74BDC /* Build configuration list for PBXProject "RiddlesInTheDark" */ = {
			isa = XCConfigurationList;
			buildConfigurations = (
				0D4F6DDD217A5B9F00B74BDC /* Debug */,
				0D4F6DDE217A5B9F00B74BDC /* Release */,
			);
			defaultConfigurationIsVisible = 0;
			defaultConfigurationName = Release;
		};
		0D4F6DDF217A5B9F00B74BDC /* Build configuration list for PBXNativeTarget "RiddlesInTheDark" */ = {
			isa = XCConfigurationList;
			buildConfigurations = (
				0D4F6DE0217A5B9F00B74BDC /* Debug */,
				0D4F6DE1217A5B9F00B74BDC /* Release */,
			);
			defaultConfigurationIsVisible = 0;
			defaultConfigurationName = Release;
		};
		0D4F6DE2217A5B9F00B74BDC /* Build configuration list for PBXNativeTarget "RiddlesInTheDarkTests" */ = {
			isa = XCConfigurationList;
			buildConfigurations = (
				0D4F6DE3217A5B9F00B74BDC /* Debug */,
				0D4F6DE4217A5B9F00B74BDC /* Release */,
			);
			defaultConfigurationIsVisible = 0;
			defaultConfigurationName = Release;
		};
		0D4F6DE5217A5B9F00B74BDC /* Build configuration list for PBXNativeTarget "RiddlesInTheDarkUITests" */ = {
			isa = XCConfigurationList;
			buildConfigurations = (
				0D4F6DE6217A5B9F00B74BDC /* Debug */,
				0D4F6DE7217A5B9F00B74BDC /* Release */,
			);
			defaultConfigurationIsVisible = 0;
			defaultConfigurationName = Release;
		};
/* End XCConfigurationList section */
	};
	rootObject = 0D4F6DAF217A5B9D00B74BDC /* Project object */;
}
